
Microsoft Visual Studio Solution File, Format Version 12.00
# Visual Studio 2015
Project("{FAE04EC0-301F-11D3-BF4B-00C04F79EFBC}") = "UnityVS.Slavic15.CSharp.Plugins", "UnityVS.Slavic15.CSharp.Plugins.csproj", "{DB28576E-337F-D20F-C5CD-C30D69D8EC8B}"
EndProject
Project("{FAE04EC0-301F-11D3-BF4B-00C04F79EFBC}") = "UnityVS.Slavic15.CSharp", "UnityVS.Slavic15.CSharp.csproj", "{2AF14984-E14D-8E64-057F-91A3C68B4AD7}"
EndProject
Global
	GlobalSection(SolutionConfigurationPlatforms) = preSolution
		Debug|Any CPU = Debug|Any CPU
		Release|Any CPU = Release|Any CPU
	EndGlobalSection
	GlobalSection(ProjectConfigurationPlatforms) = postSolution
		{DB28576E-337F-D20F-C5CD-C30D69D8EC8B}.Debug|Any CPU.ActiveCfg = Debug|Any CPU
		{DB28576E-337F-D20F-C5CD-C30D69D8EC8B}.Debug|Any CPU.Build.0 = Debug|Any CPU
		{DB28576E-337F-D20F-C5CD-C30D69D8EC8B}.Release|Any CPU.ActiveCfg = Release|Any CPU
		{DB28576E-337F-D20F-C5CD-C30D69D8EC8B}.Release|Any CPU.Build.0 = Release|Any CPU
		{2AF14984-E14D-8E64-057F-91A3C68B4AD7}.Debug|Any CPU.ActiveCfg = Debug|Any CPU
		{2AF14984-E14D-8E64-057F-91A3C68B4AD7}.Debug|Any CPU.Build.0 = Debug|Any CPU
		{2AF14984-E14D-8E64-057F-91A3C68B4AD7}.Release|Any CPU.ActiveCfg = Release|Any CPU
		{2AF14984-E14D-8E64-057F-91A3C68B4AD7}.Release|Any CPU.Build.0 = Release|Any CPU
	EndGlobalSection
	GlobalSection(SolutionProperties) = preSolution
		HideSolutionNode = FALSE
	EndGlobalSection
EndGlobal
